
Microsoft Visual Studio Solution File, Format Version 12.00
# Visual Studio 14
VisualStudioVersion = 14.0.25420.1
MinimumVisualStudioVersion = 10.0.40219.1
Project("{FAE04EC0-301F-11D3-BF4B-00C04F79EFBC}") = "ASPNet MVC Solution", "ASPNet MVC Solution\ASPNet MVC Solution.csproj", "{BBDB67DF-27D3-4707-8C83-EBF87AABD149}"
EndProject
Project("{FAE04EC0-301F-11D3-BF4B-00C04F79EFBC}") = "ASPNet MVC Solution.Tests", "ASPNet MVC Solution.Tests\ASPNet MVC Solution.Tests.csproj", "{2164FB8D-308B-4F4E-ACE6-47CEA1FA6DB3}"
EndProject
Global
	GlobalSection(SolutionConfigurationPlatforms) = preSolution
		Debug|Any CPU = Debug|Any CPU
		Release|Any CPU = Release|Any CPU
	EndGlobalSection
	GlobalSection(ProjectConfigurationPlatforms) = postSolution
		{BBDB67DF-27D3-4707-8C83-EBF87AABD149}.Debug|Any CPU.ActiveCfg = Debug|Any CPU
		{BBDB67DF-27D3-4707-8C83-EBF87AABD149}.Debug|Any CPU.Build.0 = Debug|Any CPU
		{BBDB67DF-27D3-4707-8C83-EBF87AABD149}.Release|Any CPU.ActiveCfg = Release|Any CPU
		{BBDB67DF-27D3-4707-8C83-EBF87AABD149}.Release|Any CPU.Build.0 = Release|Any CPU
		{2164FB8D-308B-4F4E-ACE6-47CEA1FA6DB3}.Debug|Any CPU.ActiveCfg = Debug|Any CPU
		{2164FB8D-308B-4F4E-ACE6-47CEA1FA6DB3}.Debug|Any CPU.Build.0 = Debug|Any CPU
		{2164FB8D-308B-4F4E-ACE6-47CEA1FA6DB3}.Release|Any CPU.ActiveCfg = Release|Any CPU
		{2164FB8D-308B-4F4E-ACE6-47CEA1FA6DB3}.Release|Any CPU.Build.0 = Release|Any CPU
	EndGlobalSection
	GlobalSection(SolutionProperties) = preSolution
		HideSolutionNode = FALSE
	EndGlobalSection
EndGlobal
